<?xml version="1.0" encoding="utf-8"?>
<Project ToolsVersion="4.0" xmlns="http://schemas.microsoft.com/developer/msbuild/2003">
  <ItemGroup>
    <Filter Include="Resource Files">
      <UniqueIdentifier>{67DA6AB6-F800-4c08-8B7A-83BB121AAD01}</UniqueIdentifier>
      <Extensions>rc;ico;cur;bmp;dlg;rc2;rct;bin;rgs;gif;jpg;jpeg;jpe;resx;tiff;tif;png;wav;mfcribbon-ms</Extensions>
    </Filter>
    <Filter Include="Code">
      <UniqueIdentifier>{4611a61d-ccc8-4afa-9000-182fa998f262}</UniqueIdentifier>
    </Filter>
    <Filter Include="Code\.h">
      <UniqueIdentifier>{cfaae1aa-714d-415a-82c7-b29453877375}</UniqueIdentifier>
    </Filter>
    <Filter Include="Code\.cpp">
      <UniqueIdentifier>{9b718bfe-fa55-41b8-b512-614c7d0127c6}</UniqueIdentifier>
    </Filter>
  </ItemGroup>
  <ItemGroup>
    <ClCompile Include="Window.cpp">
      <Filter>Code\.cpp</Filter>
    </ClCompile>
    <ClCompile Include="UIElement.cpp">
      <Filter>Code\.cpp</Filter>
    </ClCompile>
    <ClCompile Include="Utility.cpp">
      <Filter>Code\.cpp</Filter>
    </ClCompile>
  </ItemGroup>
  <ItemGroup>
    <ClInclude Include="Window.h">
      <Filter>Code\.h</Filter>
    </ClInclude>
    <ClInclude Include="UIElement.h">
      <Filter>Code\.h</Filter>
    </ClInclude>
    <ClInclude Include="Utility.h">
      <Filter>Code\.h</Filter>
    </ClInclude>
    <ClInclude Include="Grid.h">
      <Filter>Code\.h</Filter>
    </ClInclude>
    <ClInclude Include="resource.h" />
    <ClInclude Include="versioning.h" />
  </ItemGroup>
  <ItemGroup>
    <ResourceCompile Include="BlackWolf.Lupus.Graphic.rc">
      <Filter>Resource Files</Filter>
    </ResourceCompile>
  </ItemGroup>
  <ItemGroup>
    <None Include="VersionIncrementer.py" />
  </ItemGroup>
</Project>