
Microsoft Visual Studio Solution File, Format Version 12.00
# Visual Studio 2013
VisualStudioVersion = 12.0.30723.0
MinimumVisualStudioVersion = 10.0.40219.1
Project("{8BC9CEB8-8B4A-11D0-8D11-00A0C91BC942}") = "UnitTests", "..\Test\UnitTests\UnitTests.vcxproj", "{B7FAC30D-FBD3-4D43-B434-B69F3E0C83AB}"
	ProjectSection(ProjectDependencies) = postProject
		{40A04166-C40C-422E-93B4-B52CD76A296C} = {40A04166-C40C-422E-93B4-B52CD76A296C}
	EndProjectSection
EndProject
Project("{8BC9CEB8-8B4A-11D0-8D11-00A0C91BC942}") = "LupusCore", "LupusCore\LupusCore.vcxproj", "{40A04166-C40C-422E-93B4-B52CD76A296C}"
	ProjectSection(ProjectDependencies) = postProject
		{BB141509-46C7-4212-96B7-452F5CA69B55} = {BB141509-46C7-4212-96B7-452F5CA69B55}
		{F54D26B7-7802-4DAF-AADC-EF5C57CB2C88} = {F54D26B7-7802-4DAF-AADC-EF5C57CB2C88}
	EndProjectSection
EndProject
Project("{FAE04EC0-301F-11D3-BF4B-00C04F79EFBC}") = "ToUTF8", "ToUTF8\ToUTF8.csproj", "{BB141509-46C7-4212-96B7-452F5CA69B55}"
EndProject
Project("{FAE04EC0-301F-11D3-BF4B-00C04F79EFBC}") = "CSharpUtility", "CSharpUtility\CSharpUtility.csproj", "{9160C045-9A7A-4229-A7FA-B41C1DBCEEE4}"
EndProject
Project("{2150E333-8FDC-42A3-9474-1A3956D46DE8}") = "CSharp", "CSharp", "{178E02D6-7C88-47DE-948A-A4BBF9973558}"
EndProject
Project("{2150E333-8FDC-42A3-9474-1A3956D46DE8}") = "CPP", "CPP", "{C18548A9-8B34-4510-8EE7-DFB29376ECCA}"
EndProject
Project("{FAE04EC0-301F-11D3-BF4B-00C04F79EFBC}") = "AutoIncrementVersion", "AutoIncrementVersion\AutoIncrementVersion.csproj", "{F54D26B7-7802-4DAF-AADC-EF5C57CB2C88}"
EndProject
Project("{8BC9CEB8-8B4A-11D0-8D11-00A0C91BC942}") = "LupusTest", "LupusTest\LupusTest.vcxproj", "{06737314-331B-48E2-9C2F-B2B3B6FC5334}"
EndProject
Global
	GlobalSection(SolutionConfigurationPlatforms) = preSolution
		Debug|Any CPU = Debug|Any CPU
		Debug|Mixed Platforms = Debug|Mixed Platforms
		Debug|Win32 = Debug|Win32
		Debug|x64 = Debug|x64
		Profile|Any CPU = Profile|Any CPU
		Profile|Mixed Platforms = Profile|Mixed Platforms
		Profile|Win32 = Profile|Win32
		Profile|x64 = Profile|x64
		Release|Any CPU = Release|Any CPU
		Release|Mixed Platforms = Release|Mixed Platforms
		Release|Win32 = Release|Win32
		Release|x64 = Release|x64
	EndGlobalSection
	GlobalSection(ProjectConfigurationPlatforms) = postSolution
		{B7FAC30D-FBD3-4D43-B434-B69F3E0C83AB}.Debug|Any CPU.ActiveCfg = Debug|Win32
		{B7FAC30D-FBD3-4D43-B434-B69F3E0C83AB}.Debug|Mixed Platforms.ActiveCfg = Debug|Win32
		{B7FAC30D-FBD3-4D43-B434-B69F3E0C83AB}.Debug|Mixed Platforms.Build.0 = Debug|Win32
		{B7FAC30D-FBD3-4D43-B434-B69F3E0C83AB}.Debug|Win32.ActiveCfg = Debug|Win32
		{B7FAC30D-FBD3-4D43-B434-B69F3E0C83AB}.Debug|Win32.Build.0 = Debug|Win32
		{B7FAC30D-FBD3-4D43-B434-B69F3E0C83AB}.Debug|x64.ActiveCfg = Debug|x64
		{B7FAC30D-FBD3-4D43-B434-B69F3E0C83AB}.Debug|x64.Build.0 = Debug|x64
		{B7FAC30D-FBD3-4D43-B434-B69F3E0C83AB}.Profile|Any CPU.ActiveCfg = Profile|Win32
		{B7FAC30D-FBD3-4D43-B434-B69F3E0C83AB}.Profile|Mixed Platforms.ActiveCfg = Profile|Win32
		{B7FAC30D-FBD3-4D43-B434-B69F3E0C83AB}.Profile|Mixed Platforms.Build.0 = Profile|Win32
		{B7FAC30D-FBD3-4D43-B434-B69F3E0C83AB}.Profile|Win32.ActiveCfg = Profile|Win32
		{B7FAC30D-FBD3-4D43-B434-B69F3E0C83AB}.Profile|Win32.Build.0 = Profile|Win32
		{B7FAC30D-FBD3-4D43-B434-B69F3E0C83AB}.Profile|x64.ActiveCfg = Profile|x64
		{B7FAC30D-FBD3-4D43-B434-B69F3E0C83AB}.Profile|x64.Build.0 = Profile|x64
		{B7FAC30D-FBD3-4D43-B434-B69F3E0C83AB}.Release|Any CPU.ActiveCfg = Release|Win32
		{B7FAC30D-FBD3-4D43-B434-B69F3E0C83AB}.Release|Mixed Platforms.ActiveCfg = Release|Win32
		{B7FAC30D-FBD3-4D43-B434-B69F3E0C83AB}.Release|Mixed Platforms.Build.0 = Release|Win32
		{B7FAC30D-FBD3-4D43-B434-B69F3E0C83AB}.Release|Win32.ActiveCfg = Release|Win32
		{B7FAC30D-FBD3-4D43-B434-B69F3E0C83AB}.Release|Win32.Build.0 = Release|Win32
		{B7FAC30D-FBD3-4D43-B434-B69F3E0C83AB}.Release|x64.ActiveCfg = Release|x64
		{B7FAC30D-FBD3-4D43-B434-B69F3E0C83AB}.Release|x64.Build.0 = Release|x64
		{40A04166-C40C-422E-93B4-B52CD76A296C}.Debug|Any CPU.ActiveCfg = Debug|Win32
		{40A04166-C40C-422E-93B4-B52CD76A296C}.Debug|Mixed Platforms.ActiveCfg = Debug|Win32
		{40A04166-C40C-422E-93B4-B52CD76A296C}.Debug|Mixed Platforms.Build.0 = Debug|Win32
		{40A04166-C40C-422E-93B4-B52CD76A296C}.Debug|Win32.ActiveCfg = Debug|Win32
		{40A04166-C40C-422E-93B4-B52CD76A296C}.Debug|Win32.Build.0 = Debug|Win32
		{40A04166-C40C-422E-93B4-B52CD76A296C}.Debug|x64.ActiveCfg = Debug|x64
		{40A04166-C40C-422E-93B4-B52CD76A296C}.Debug|x64.Build.0 = Debug|x64
		{40A04166-C40C-422E-93B4-B52CD76A296C}.Profile|Any CPU.ActiveCfg = Profile|Win32
		{40A04166-C40C-422E-93B4-B52CD76A296C}.Profile|Mixed Platforms.ActiveCfg = Profile|Win32
		{40A04166-C40C-422E-93B4-B52CD76A296C}.Profile|Mixed Platforms.Build.0 = Profile|Win32
		{40A04166-C40C-422E-93B4-B52CD76A296C}.Profile|Win32.ActiveCfg = Profile|Win32
		{40A04166-C40C-422E-93B4-B52CD76A296C}.Profile|Win32.Build.0 = Profile|Win32
		{40A04166-C40C-422E-93B4-B52CD76A296C}.Profile|x64.ActiveCfg = Profile|x64
		{40A04166-C40C-422E-93B4-B52CD76A296C}.Profile|x64.Build.0 = Profile|x64
		{40A04166-C40C-422E-93B4-B52CD76A296C}.Release|Any CPU.ActiveCfg = Release|Win32
		{40A04166-C40C-422E-93B4-B52CD76A296C}.Release|Mixed Platforms.ActiveCfg = Release|Win32
		{40A04166-C40C-422E-93B4-B52CD76A296C}.Release|Mixed Platforms.Build.0 = Release|Win32
		{40A04166-C40C-422E-93B4-B52CD76A296C}.Release|Win32.ActiveCfg = Release|Win32
		{40A04166-C40C-422E-93B4-B52CD76A296C}.Release|Win32.Build.0 = Release|Win32
		{40A04166-C40C-422E-93B4-B52CD76A296C}.Release|x64.ActiveCfg = Release|x64
		{40A04166-C40C-422E-93B4-B52CD76A296C}.Release|x64.Build.0 = Release|x64
		{BB141509-46C7-4212-96B7-452F5CA69B55}.Debug|Any CPU.ActiveCfg = Debug|Any CPU
		{BB141509-46C7-4212-96B7-452F5CA69B55}.Debug|Any CPU.Build.0 = Debug|Any CPU
		{BB141509-46C7-4212-96B7-452F5CA69B55}.Debug|Mixed Platforms.ActiveCfg = Debug|Any CPU
		{BB141509-46C7-4212-96B7-452F5CA69B55}.Debug|Mixed Platforms.Build.0 = Debug|Any CPU
		{BB141509-46C7-4212-96B7-452F5CA69B55}.Debug|Win32.ActiveCfg = Debug|Any CPU
		{BB141509-46C7-4212-96B7-452F5CA69B55}.Debug|x64.ActiveCfg = Debug|Any CPU
		{BB141509-46C7-4212-96B7-452F5CA69B55}.Profile|Any CPU.ActiveCfg = Release|Any CPU
		{BB141509-46C7-4212-96B7-452F5CA69B55}.Profile|Any CPU.Build.0 = Release|Any CPU
		{BB141509-46C7-4212-96B7-452F5CA69B55}.Profile|Mixed Platforms.ActiveCfg = Release|Any CPU
		{BB141509-46C7-4212-96B7-452F5CA69B55}.Profile|Mixed Platforms.Build.0 = Release|Any CPU
		{BB141509-46C7-4212-96B7-452F5CA69B55}.Profile|Win32.ActiveCfg = Release|Any CPU
		{BB141509-46C7-4212-96B7-452F5CA69B55}.Profile|x64.ActiveCfg = Release|Any CPU
		{BB141509-46C7-4212-96B7-452F5CA69B55}.Release|Any CPU.ActiveCfg = Release|Any CPU
		{BB141509-46C7-4212-96B7-452F5CA69B55}.Release|Any CPU.Build.0 = Release|Any CPU
		{BB141509-46C7-4212-96B7-452F5CA69B55}.Release|Mixed Platforms.ActiveCfg = Release|Any CPU
		{BB141509-46C7-4212-96B7-452F5CA69B55}.Release|Mixed Platforms.Build.0 = Release|Any CPU
		{BB141509-46C7-4212-96B7-452F5CA69B55}.Release|Win32.ActiveCfg = Release|Any CPU
		{BB141509-46C7-4212-96B7-452F5CA69B55}.Release|x64.ActiveCfg = Release|Any CPU
		{9160C045-9A7A-4229-A7FA-B41C1DBCEEE4}.Debug|Any CPU.ActiveCfg = Debug|Any CPU
		{9160C045-9A7A-4229-A7FA-B41C1DBCEEE4}.Debug|Any CPU.Build.0 = Debug|Any CPU
		{9160C045-9A7A-4229-A7FA-B41C1DBCEEE4}.Debug|Mixed Platforms.ActiveCfg = Debug|Any CPU
		{9160C045-9A7A-4229-A7FA-B41C1DBCEEE4}.Debug|Mixed Platforms.Build.0 = Debug|Any CPU
		{9160C045-9A7A-4229-A7FA-B41C1DBCEEE4}.Debug|Win32.ActiveCfg = Debug|Any CPU
		{9160C045-9A7A-4229-A7FA-B41C1DBCEEE4}.Debug|x64.ActiveCfg = Debug|Any CPU
		{9160C045-9A7A-4229-A7FA-B41C1DBCEEE4}.Profile|Any CPU.ActiveCfg = Release|Any CPU
		{9160C045-9A7A-4229-A7FA-B41C1DBCEEE4}.Profile|Any CPU.Build.0 = Release|Any CPU
		{9160C045-9A7A-4229-A7FA-B41C1DBCEEE4}.Profile|Mixed Platforms.ActiveCfg = Release|Any CPU
		{9160C045-9A7A-4229-A7FA-B41C1DBCEEE4}.Profile|Mixed Platforms.Build.0 = Release|Any CPU
		{9160C045-9A7A-4229-A7FA-B41C1DBCEEE4}.Profile|Win32.ActiveCfg = Release|Any CPU
		{9160C045-9A7A-4229-A7FA-B41C1DBCEEE4}.Profile|x64.ActiveCfg = Release|Any CPU
		{9160C045-9A7A-4229-A7FA-B41C1DBCEEE4}.Release|Any CPU.ActiveCfg = Release|Any CPU
		{9160C045-9A7A-4229-A7FA-B41C1DBCEEE4}.Release|Any CPU.Build.0 = Release|Any CPU
		{9160C045-9A7A-4229-A7FA-B41C1DBCEEE4}.Release|Mixed Platforms.ActiveCfg = Release|Any CPU
		{9160C045-9A7A-4229-A7FA-B41C1DBCEEE4}.Release|Mixed Platforms.Build.0 = Release|Any CPU
		{9160C045-9A7A-4229-A7FA-B41C1DBCEEE4}.Release|Win32.ActiveCfg = Release|Any CPU
		{9160C045-9A7A-4229-A7FA-B41C1DBCEEE4}.Release|x64.ActiveCfg = Release|Any CPU
		{F54D26B7-7802-4DAF-AADC-EF5C57CB2C88}.Debug|Any CPU.ActiveCfg = Debug|Any CPU
		{F54D26B7-7802-4DAF-AADC-EF5C57CB2C88}.Debug|Any CPU.Build.0 = Debug|Any CPU
		{F54D26B7-7802-4DAF-AADC-EF5C57CB2C88}.Debug|Mixed Platforms.ActiveCfg = Debug|Any CPU
		{F54D26B7-7802-4DAF-AADC-EF5C57CB2C88}.Debug|Mixed Platforms.Build.0 = Debug|Any CPU
		{F54D26B7-7802-4DAF-AADC-EF5C57CB2C88}.Debug|Win32.ActiveCfg = Debug|Any CPU
		{F54D26B7-7802-4DAF-AADC-EF5C57CB2C88}.Debug|x64.ActiveCfg = Debug|Any CPU
		{F54D26B7-7802-4DAF-AADC-EF5C57CB2C88}.Profile|Any CPU.ActiveCfg = Release|Any CPU
		{F54D26B7-7802-4DAF-AADC-EF5C57CB2C88}.Profile|Any CPU.Build.0 = Release|Any CPU
		{F54D26B7-7802-4DAF-AADC-EF5C57CB2C88}.Profile|Mixed Platforms.ActiveCfg = Release|Any CPU
		{F54D26B7-7802-4DAF-AADC-EF5C57CB2C88}.Profile|Mixed Platforms.Build.0 = Release|Any CPU
		{F54D26B7-7802-4DAF-AADC-EF5C57CB2C88}.Profile|Win32.ActiveCfg = Release|Any CPU
		{F54D26B7-7802-4DAF-AADC-EF5C57CB2C88}.Profile|x64.ActiveCfg = Release|Any CPU
		{F54D26B7-7802-4DAF-AADC-EF5C57CB2C88}.Release|Any CPU.ActiveCfg = Release|Any CPU
		{F54D26B7-7802-4DAF-AADC-EF5C57CB2C88}.Release|Any CPU.Build.0 = Release|Any CPU
		{F54D26B7-7802-4DAF-AADC-EF5C57CB2C88}.Release|Mixed Platforms.ActiveCfg = Release|Any CPU
		{F54D26B7-7802-4DAF-AADC-EF5C57CB2C88}.Release|Mixed Platforms.Build.0 = Release|Any CPU
		{F54D26B7-7802-4DAF-AADC-EF5C57CB2C88}.Release|Win32.ActiveCfg = Release|Any CPU
		{F54D26B7-7802-4DAF-AADC-EF5C57CB2C88}.Release|x64.ActiveCfg = Release|Any CPU
		{06737314-331B-48E2-9C2F-B2B3B6FC5334}.Debug|Any CPU.ActiveCfg = Debug|Win32
		{06737314-331B-48E2-9C2F-B2B3B6FC5334}.Debug|Mixed Platforms.ActiveCfg = Debug|Win32
		{06737314-331B-48E2-9C2F-B2B3B6FC5334}.Debug|Mixed Platforms.Build.0 = Debug|Win32
		{06737314-331B-48E2-9C2F-B2B3B6FC5334}.Debug|Win32.ActiveCfg = Debug|Win32
		{06737314-331B-48E2-9C2F-B2B3B6FC5334}.Debug|Win32.Build.0 = Debug|Win32
		{06737314-331B-48E2-9C2F-B2B3B6FC5334}.Debug|x64.ActiveCfg = Debug|x64
		{06737314-331B-48E2-9C2F-B2B3B6FC5334}.Debug|x64.Build.0 = Debug|x64
		{06737314-331B-48E2-9C2F-B2B3B6FC5334}.Profile|Any CPU.ActiveCfg = Release|Win32
		{06737314-331B-48E2-9C2F-B2B3B6FC5334}.Profile|Mixed Platforms.ActiveCfg = Release|Win32
		{06737314-331B-48E2-9C2F-B2B3B6FC5334}.Profile|Mixed Platforms.Build.0 = Release|Win32
		{06737314-331B-48E2-9C2F-B2B3B6FC5334}.Profile|Win32.ActiveCfg = Release|Win32
		{06737314-331B-48E2-9C2F-B2B3B6FC5334}.Profile|Win32.Build.0 = Release|Win32
		{06737314-331B-48E2-9C2F-B2B3B6FC5334}.Profile|x64.ActiveCfg = Release|Win32
		{06737314-331B-48E2-9C2F-B2B3B6FC5334}.Release|Any CPU.ActiveCfg = Release|Win32
		{06737314-331B-48E2-9C2F-B2B3B6FC5334}.Release|Mixed Platforms.ActiveCfg = Release|Win32
		{06737314-331B-48E2-9C2F-B2B3B6FC5334}.Release|Mixed Platforms.Build.0 = Release|Win32
		{06737314-331B-48E2-9C2F-B2B3B6FC5334}.Release|Win32.ActiveCfg = Release|Win32
		{06737314-331B-48E2-9C2F-B2B3B6FC5334}.Release|Win32.Build.0 = Release|Win32
		{06737314-331B-48E2-9C2F-B2B3B6FC5334}.Release|x64.ActiveCfg = Release|Win32
	EndGlobalSection
	GlobalSection(SolutionProperties) = preSolution
		HideSolutionNode = FALSE
	EndGlobalSection
	GlobalSection(NestedProjects) = preSolution
		{B7FAC30D-FBD3-4D43-B434-B69F3E0C83AB} = {C18548A9-8B34-4510-8EE7-DFB29376ECCA}
		{40A04166-C40C-422E-93B4-B52CD76A296C} = {C18548A9-8B34-4510-8EE7-DFB29376ECCA}
		{BB141509-46C7-4212-96B7-452F5CA69B55} = {178E02D6-7C88-47DE-948A-A4BBF9973558}
		{9160C045-9A7A-4229-A7FA-B41C1DBCEEE4} = {178E02D6-7C88-47DE-948A-A4BBF9973558}
		{F54D26B7-7802-4DAF-AADC-EF5C57CB2C88} = {178E02D6-7C88-47DE-948A-A4BBF9973558}
		{06737314-331B-48E2-9C2F-B2B3B6FC5334} = {C18548A9-8B34-4510-8EE7-DFB29376ECCA}
	EndGlobalSection
EndGlobal
