
Microsoft Visual Studio Solution File, Format Version 12.00
# Visual Studio 2013
VisualStudioVersion = 12.0.30501.0
MinimumVisualStudioVersion = 10.0.40219.1
Project("{8BC9CEB8-8B4A-11D0-8D11-00A0C91BC942}") = "UnitTests", "..\Test\UnitTests\UnitTests.vcxproj", "{B7FAC30D-FBD3-4D43-B434-B69F3E0C83AB}"
	ProjectSection(ProjectDependencies) = postProject
		{78132E93-9A9E-44A4-A197-9AB73521E689} = {78132E93-9A9E-44A4-A197-9AB73521E689}
	EndProjectSection
EndProject
Project("{8BC9CEB8-8B4A-11D0-8D11-00A0C91BC942}") = "StreamWolfServer", "StreamWolfServer\StreamWolfServer.vcxproj", "{78132E93-9A9E-44A4-A197-9AB73521E689}"
EndProject
Project("{2150E333-8FDC-42A3-9474-1A3956D46DE8}") = "StreamWolfClient", "StreamWolfClient", "{8F345168-B24F-4631-B218-846CF1B37FB5}"
	ProjectSection(SolutionItems) = preProject
		StreamWolfClient\index.html = StreamWolfClient\index.html
	EndProjectSection
EndProject
Project("{2150E333-8FDC-42A3-9474-1A3956D46DE8}") = "javascripts", "javascripts", "{73B4132B-612D-41ED-BBD6-AA2B3631BAF5}"
	ProjectSection(SolutionItems) = preProject
		StreamWolfClient\javascripts\angular.min.js = StreamWolfClient\javascripts\angular.min.js
		StreamWolfClient\javascripts\jquery.min.js = StreamWolfClient\javascripts\jquery.min.js
		StreamWolfClient\javascripts\layouts.js = StreamWolfClient\javascripts\layouts.js
		StreamWolfClient\javascripts\ready.js = StreamWolfClient\javascripts\ready.js
		StreamWolfClient\javascripts\utility.js = StreamWolfClient\javascripts\utility.js
		StreamWolfClient\javascripts\views.js = StreamWolfClient\javascripts\views.js
	EndProjectSection
EndProject
Project("{2150E333-8FDC-42A3-9474-1A3956D46DE8}") = "stylesheets", "stylesheets", "{029E3A3A-EBF4-4464-A943-3C38860E288B}"
	ProjectSection(SolutionItems) = preProject
		StreamWolfClient\stylesheets\styles.css = StreamWolfClient\stylesheets\styles.css
	EndProjectSection
EndProject
Project("{2150E333-8FDC-42A3-9474-1A3956D46DE8}") = "StreamWolfData", "StreamWolfData", "{BD190E09-6703-44C4-8B9C-3C752E4C0E22}"
	ProjectSection(SolutionItems) = preProject
		StreamWolfData\1-CreateTables.sql = StreamWolfData\1-CreateTables.sql
		StreamWolfData\2-CreateViews.sql = StreamWolfData\2-CreateViews.sql
		StreamWolfData\3-CreateTriggers.sql = StreamWolfData\3-CreateTriggers.sql
		StreamWolfData\4-CreateFunctions.sql = StreamWolfData\4-CreateFunctions.sql
	EndProjectSection
EndProject
Project("{8BC9CEB8-8B4A-11D0-8D11-00A0C91BC942}") = "StreamWolfLocale", "StreamWolfLocale\StreamWolfLocale.vcxproj", "{D636FA8B-AB07-42C8-B924-159C1C566B3D}"
EndProject
Global
	GlobalSection(SolutionConfigurationPlatforms) = preSolution
		Debug|Any CPU = Debug|Any CPU
		Debug|Mixed Platforms = Debug|Mixed Platforms
		Debug|Win32 = Debug|Win32
		Debug|x64 = Debug|x64
		Profile|Any CPU = Profile|Any CPU
		Profile|Mixed Platforms = Profile|Mixed Platforms
		Profile|Win32 = Profile|Win32
		Profile|x64 = Profile|x64
		Release|Any CPU = Release|Any CPU
		Release|Mixed Platforms = Release|Mixed Platforms
		Release|Win32 = Release|Win32
		Release|x64 = Release|x64
	EndGlobalSection
	GlobalSection(ProjectConfigurationPlatforms) = postSolution
		{B7FAC30D-FBD3-4D43-B434-B69F3E0C83AB}.Debug|Any CPU.ActiveCfg = Debug|Win32
		{B7FAC30D-FBD3-4D43-B434-B69F3E0C83AB}.Debug|Mixed Platforms.ActiveCfg = Debug|Win32
		{B7FAC30D-FBD3-4D43-B434-B69F3E0C83AB}.Debug|Mixed Platforms.Build.0 = Debug|Win32
		{B7FAC30D-FBD3-4D43-B434-B69F3E0C83AB}.Debug|Win32.ActiveCfg = Debug|Win32
		{B7FAC30D-FBD3-4D43-B434-B69F3E0C83AB}.Debug|Win32.Build.0 = Debug|Win32
		{B7FAC30D-FBD3-4D43-B434-B69F3E0C83AB}.Debug|x64.ActiveCfg = Debug|x64
		{B7FAC30D-FBD3-4D43-B434-B69F3E0C83AB}.Debug|x64.Build.0 = Debug|x64
		{B7FAC30D-FBD3-4D43-B434-B69F3E0C83AB}.Profile|Any CPU.ActiveCfg = Profile|Win32
		{B7FAC30D-FBD3-4D43-B434-B69F3E0C83AB}.Profile|Mixed Platforms.ActiveCfg = Profile|Win32
		{B7FAC30D-FBD3-4D43-B434-B69F3E0C83AB}.Profile|Mixed Platforms.Build.0 = Profile|Win32
		{B7FAC30D-FBD3-4D43-B434-B69F3E0C83AB}.Profile|Win32.ActiveCfg = Profile|Win32
		{B7FAC30D-FBD3-4D43-B434-B69F3E0C83AB}.Profile|Win32.Build.0 = Profile|Win32
		{B7FAC30D-FBD3-4D43-B434-B69F3E0C83AB}.Profile|x64.ActiveCfg = Profile|x64
		{B7FAC30D-FBD3-4D43-B434-B69F3E0C83AB}.Profile|x64.Build.0 = Profile|x64
		{B7FAC30D-FBD3-4D43-B434-B69F3E0C83AB}.Release|Any CPU.ActiveCfg = Release|Win32
		{B7FAC30D-FBD3-4D43-B434-B69F3E0C83AB}.Release|Mixed Platforms.ActiveCfg = Release|Win32
		{B7FAC30D-FBD3-4D43-B434-B69F3E0C83AB}.Release|Mixed Platforms.Build.0 = Release|Win32
		{B7FAC30D-FBD3-4D43-B434-B69F3E0C83AB}.Release|Win32.ActiveCfg = Release|Win32
		{B7FAC30D-FBD3-4D43-B434-B69F3E0C83AB}.Release|Win32.Build.0 = Release|Win32
		{B7FAC30D-FBD3-4D43-B434-B69F3E0C83AB}.Release|x64.ActiveCfg = Release|x64
		{B7FAC30D-FBD3-4D43-B434-B69F3E0C83AB}.Release|x64.Build.0 = Release|x64
		{78132E93-9A9E-44A4-A197-9AB73521E689}.Debug|Any CPU.ActiveCfg = Debug|Win32
		{78132E93-9A9E-44A4-A197-9AB73521E689}.Debug|Mixed Platforms.ActiveCfg = Debug|Win32
		{78132E93-9A9E-44A4-A197-9AB73521E689}.Debug|Mixed Platforms.Build.0 = Debug|Win32
		{78132E93-9A9E-44A4-A197-9AB73521E689}.Debug|Win32.ActiveCfg = Debug|Win32
		{78132E93-9A9E-44A4-A197-9AB73521E689}.Debug|Win32.Build.0 = Debug|Win32
		{78132E93-9A9E-44A4-A197-9AB73521E689}.Debug|x64.ActiveCfg = Debug|x64
		{78132E93-9A9E-44A4-A197-9AB73521E689}.Debug|x64.Build.0 = Debug|x64
		{78132E93-9A9E-44A4-A197-9AB73521E689}.Profile|Any CPU.ActiveCfg = Profile|Win32
		{78132E93-9A9E-44A4-A197-9AB73521E689}.Profile|Mixed Platforms.ActiveCfg = Profile|Win32
		{78132E93-9A9E-44A4-A197-9AB73521E689}.Profile|Mixed Platforms.Build.0 = Profile|Win32
		{78132E93-9A9E-44A4-A197-9AB73521E689}.Profile|Win32.ActiveCfg = Profile|Win32
		{78132E93-9A9E-44A4-A197-9AB73521E689}.Profile|Win32.Build.0 = Profile|Win32
		{78132E93-9A9E-44A4-A197-9AB73521E689}.Profile|x64.ActiveCfg = Profile|x64
		{78132E93-9A9E-44A4-A197-9AB73521E689}.Profile|x64.Build.0 = Profile|x64
		{78132E93-9A9E-44A4-A197-9AB73521E689}.Release|Any CPU.ActiveCfg = Release|Win32
		{78132E93-9A9E-44A4-A197-9AB73521E689}.Release|Mixed Platforms.ActiveCfg = Release|Win32
		{78132E93-9A9E-44A4-A197-9AB73521E689}.Release|Mixed Platforms.Build.0 = Release|Win32
		{78132E93-9A9E-44A4-A197-9AB73521E689}.Release|Win32.ActiveCfg = Release|Win32
		{78132E93-9A9E-44A4-A197-9AB73521E689}.Release|Win32.Build.0 = Release|Win32
		{78132E93-9A9E-44A4-A197-9AB73521E689}.Release|x64.ActiveCfg = Release|x64
		{78132E93-9A9E-44A4-A197-9AB73521E689}.Release|x64.Build.0 = Release|x64
		{D636FA8B-AB07-42C8-B924-159C1C566B3D}.Debug|Any CPU.ActiveCfg = Debug|Win32
		{D636FA8B-AB07-42C8-B924-159C1C566B3D}.Debug|Mixed Platforms.ActiveCfg = Debug|Win32
		{D636FA8B-AB07-42C8-B924-159C1C566B3D}.Debug|Mixed Platforms.Build.0 = Debug|Win32
		{D636FA8B-AB07-42C8-B924-159C1C566B3D}.Debug|Win32.ActiveCfg = Debug|Win32
		{D636FA8B-AB07-42C8-B924-159C1C566B3D}.Debug|Win32.Build.0 = Debug|Win32
		{D636FA8B-AB07-42C8-B924-159C1C566B3D}.Debug|x64.ActiveCfg = Debug|Win32
		{D636FA8B-AB07-42C8-B924-159C1C566B3D}.Profile|Any CPU.ActiveCfg = Release|Win32
		{D636FA8B-AB07-42C8-B924-159C1C566B3D}.Profile|Mixed Platforms.ActiveCfg = Release|Win32
		{D636FA8B-AB07-42C8-B924-159C1C566B3D}.Profile|Mixed Platforms.Build.0 = Release|Win32
		{D636FA8B-AB07-42C8-B924-159C1C566B3D}.Profile|Win32.ActiveCfg = Release|Win32
		{D636FA8B-AB07-42C8-B924-159C1C566B3D}.Profile|Win32.Build.0 = Release|Win32
		{D636FA8B-AB07-42C8-B924-159C1C566B3D}.Profile|x64.ActiveCfg = Release|Win32
		{D636FA8B-AB07-42C8-B924-159C1C566B3D}.Release|Any CPU.ActiveCfg = Release|Win32
		{D636FA8B-AB07-42C8-B924-159C1C566B3D}.Release|Mixed Platforms.ActiveCfg = Release|Win32
		{D636FA8B-AB07-42C8-B924-159C1C566B3D}.Release|Mixed Platforms.Build.0 = Release|Win32
		{D636FA8B-AB07-42C8-B924-159C1C566B3D}.Release|Win32.ActiveCfg = Release|Win32
		{D636FA8B-AB07-42C8-B924-159C1C566B3D}.Release|Win32.Build.0 = Release|Win32
		{D636FA8B-AB07-42C8-B924-159C1C566B3D}.Release|x64.ActiveCfg = Release|Win32
	EndGlobalSection
	GlobalSection(SolutionProperties) = preSolution
		HideSolutionNode = FALSE
	EndGlobalSection
	GlobalSection(NestedProjects) = preSolution
		{73B4132B-612D-41ED-BBD6-AA2B3631BAF5} = {8F345168-B24F-4631-B218-846CF1B37FB5}
		{029E3A3A-EBF4-4464-A943-3C38860E288B} = {8F345168-B24F-4631-B218-846CF1B37FB5}
	EndGlobalSection
EndGlobal
