<?xml version="1.0" encoding="utf-8"?>
<Project ToolsVersion="4.0" xmlns="http://schemas.microsoft.com/developer/msbuild/2003">
  <ItemGroup>
    <Filter Include="Resource Files">
      <UniqueIdentifier>{67DA6AB6-F800-4c08-8B7A-83BB121AAD01}</UniqueIdentifier>
      <Extensions>rc;ico;cur;bmp;dlg;rc2;rct;bin;rgs;gif;jpg;jpeg;jpe;resx;tiff;tif;png;wav;mfcribbon-ms</Extensions>
    </Filter>
    <Filter Include="Code">
      <UniqueIdentifier>{53eb321e-60bd-4e2e-aeb4-e2ba290e2428}</UniqueIdentifier>
    </Filter>
    <Filter Include="Code\.h">
      <UniqueIdentifier>{9bd67f24-85ad-4f72-9686-8abc92bccfd5}</UniqueIdentifier>
    </Filter>
    <Filter Include="Code\.cpp">
      <UniqueIdentifier>{e6ea31ff-0bea-47e9-a60a-763017c8faaf}</UniqueIdentifier>
    </Filter>
  </ItemGroup>
  <ItemGroup>
    <ClInclude Include="Library.h">
      <Filter>Code\.h</Filter>
    </ClInclude>
    <ClInclude Include="Utility.h">
      <Filter>Code\.h</Filter>
    </ClInclude>
  </ItemGroup>
  <ItemGroup>
    <ClCompile Include="UnixLibrary.cpp">
      <Filter>Code\.cpp</Filter>
    </ClCompile>
    <ClCompile Include="Win32Library.cpp">
      <Filter>Code\.cpp</Filter>
    </ClCompile>
  </ItemGroup>
</Project>